
Microsoft Visual Studio Solution File, Format Version 12.00
# Visual Studio Version 16
VisualStudioVersion = 16.0.29920.165
MinimumVisualStudioVersion = 10.0.40219.1
Project("{FAE04EC0-301F-11D3-BF4B-00C04F79EFBC}") = "PhotoApp", "PhotoApp\PhotoApp.csproj", "{B1E61C48-5C3A-4DE6-97DE-3ACAC327E8FA}"
EndProject
Project("{54435603-DBB4-11D2-8724-00A0C9A8B90C}") = "Photo Manager Setup", "Photo Manager Setup\Photo Manager Setup.vdproj", "{7A01CC83-E1BA-41E4-BE23-43114ECAE5B3}"
EndProject
Global
	GlobalSection(SolutionConfigurationPlatforms) = preSolution
		Debug|Any CPU = Debug|Any CPU
		Release|Any CPU = Release|Any CPU
	EndGlobalSection
	GlobalSection(ProjectConfigurationPlatforms) = postSolution
		{B1E61C48-5C3A-4DE6-97DE-3ACAC327E8FA}.Debug|Any CPU.ActiveCfg = Release|Any CPU
		{B1E61C48-5C3A-4DE6-97DE-3ACAC327E8FA}.Debug|Any CPU.Build.0 = Release|Any CPU
		{B1E61C48-5C3A-4DE6-97DE-3ACAC327E8FA}.Release|Any CPU.ActiveCfg = Release|Any CPU
		{B1E61C48-5C3A-4DE6-97DE-3ACAC327E8FA}.Release|Any CPU.Build.0 = Release|Any CPU
		{7A01CC83-E1BA-41E4-BE23-43114ECAE5B3}.Debug|Any CPU.ActiveCfg = Debug
		{7A01CC83-E1BA-41E4-BE23-43114ECAE5B3}.Release|Any CPU.ActiveCfg = Release
	EndGlobalSection
	GlobalSection(SolutionProperties) = preSolution
		HideSolutionNode = FALSE
	EndGlobalSection
	GlobalSection(ExtensibilityGlobals) = postSolution
		SolutionGuid = {D0A654A5-8F95-4EDF-9DB0-649B50AF6082}
	EndGlobalSection
EndGlobal
